
Microsoft Visual Studio Solution File, Format Version 12.00
# Visual Studio Version 17
VisualStudioVersion = 17.13.35931.197 d17.13
MinimumVisualStudioVersion = 10.0.40219.1
Project("{FAE04EC0-301F-11D3-BF4B-00C04F79EFBC}") = "11_ColecaoLista", "11_ColecaoLista.csproj", "{0406E74F-0E3A-4B2C-B8D5-B9C4C9E2AE76}"
EndProject
Global
	GlobalSection(SolutionConfigurationPlatforms) = preSolution
		Debug|Any CPU = Debug|Any CPU
		Release|Any CPU = Release|Any CPU
	EndGlobalSection
	GlobalSection(ProjectConfigurationPlatforms) = postSolution
		{0406E74F-0E3A-4B2C-B8D5-B9C4C9E2AE76}.Debug|Any CPU.ActiveCfg = Debug|Any CPU
		{0406E74F-0E3A-4B2C-B8D5-B9C4C9E2AE76}.Debug|Any CPU.Build.0 = Debug|Any CPU
		{0406E74F-0E3A-4B2C-B8D5-B9C4C9E2AE76}.Release|Any CPU.ActiveCfg = Release|Any CPU
		{0406E74F-0E3A-4B2C-B8D5-B9C4C9E2AE76}.Release|Any CPU.Build.0 = Release|Any CPU
	EndGlobalSection
	GlobalSection(SolutionProperties) = preSolution
		HideSolutionNode = FALSE
	EndGlobalSection
	GlobalSection(ExtensibilityGlobals) = postSolution
		SolutionGuid = {9983C11E-0F5C-4BFF-94EF-EC8EAC579912}
	EndGlobalSection
EndGlobal
