
Microsoft Visual Studio Solution File, Format Version 12.00
# Visual Studio Version 17
VisualStudioVersion = 17.13.35931.197 d17.13
MinimumVisualStudioVersion = 10.0.40219.1
Project("{FAE04EC0-301F-11D3-BF4B-00C04F79EFBC}") = "12_ColecaoQueue", "12_ColecaoQueue.csproj", "{78EDAB0D-1F50-49AC-BD61-97049A5A8205}"
EndProject
Global
	GlobalSection(SolutionConfigurationPlatforms) = preSolution
		Debug|Any CPU = Debug|Any CPU
		Release|Any CPU = Release|Any CPU
	EndGlobalSection
	GlobalSection(ProjectConfigurationPlatforms) = postSolution
		{78EDAB0D-1F50-49AC-BD61-97049A5A8205}.Debug|Any CPU.ActiveCfg = Debug|Any CPU
		{78EDAB0D-1F50-49AC-BD61-97049A5A8205}.Debug|Any CPU.Build.0 = Debug|Any CPU
		{78EDAB0D-1F50-49AC-BD61-97049A5A8205}.Release|Any CPU.ActiveCfg = Release|Any CPU
		{78EDAB0D-1F50-49AC-BD61-97049A5A8205}.Release|Any CPU.Build.0 = Release|Any CPU
	EndGlobalSection
	GlobalSection(SolutionProperties) = preSolution
		HideSolutionNode = FALSE
	EndGlobalSection
	GlobalSection(ExtensibilityGlobals) = postSolution
		SolutionGuid = {B4A86079-B8F1-4CAD-8061-0B96A241A21A}
	EndGlobalSection
EndGlobal
