
Microsoft Visual Studio Solution File, Format Version 12.00
# Visual Studio Version 17
VisualStudioVersion = 17.13.35931.197 d17.13
MinimumVisualStudioVersion = 10.0.40219.1
Project("{FAE04EC0-301F-11D3-BF4B-00C04F79EFBC}") = "19_TratamentoExcecao", "19_TratamentoExcecao.csproj", "{B1C2CE15-ADFC-4932-8BA1-9D19FEECDE99}"
EndProject
Global
	GlobalSection(SolutionConfigurationPlatforms) = preSolution
		Debug|Any CPU = Debug|Any CPU
		Release|Any CPU = Release|Any CPU
	EndGlobalSection
	GlobalSection(ProjectConfigurationPlatforms) = postSolution
		{B1C2CE15-ADFC-4932-8BA1-9D19FEECDE99}.Debug|Any CPU.ActiveCfg = Debug|Any CPU
		{B1C2CE15-ADFC-4932-8BA1-9D19FEECDE99}.Debug|Any CPU.Build.0 = Debug|Any CPU
		{B1C2CE15-ADFC-4932-8BA1-9D19FEECDE99}.Release|Any CPU.ActiveCfg = Release|Any CPU
		{B1C2CE15-ADFC-4932-8BA1-9D19FEECDE99}.Release|Any CPU.Build.0 = Release|Any CPU
	EndGlobalSection
	GlobalSection(SolutionProperties) = preSolution
		HideSolutionNode = FALSE
	EndGlobalSection
	GlobalSection(ExtensibilityGlobals) = postSolution
		SolutionGuid = {FA9545EB-203F-48E4-8259-6885ECA5D44A}
	EndGlobalSection
EndGlobal
