
Microsoft Visual Studio Solution File, Format Version 12.00
# Visual Studio Version 17
VisualStudioVersion = 17.13.35931.197 d17.13
MinimumVisualStudioVersion = 10.0.40219.1
Project("{FAE04EC0-301F-11D3-BF4B-00C04F79EFBC}") = "01_DeclaracaoClasse", "01_DeclaracaoClasse.csproj", "{F9B3BF97-96DF-46D7-84ED-D80F5DD3270F}"
EndProject
Global
	GlobalSection(SolutionConfigurationPlatforms) = preSolution
		Debug|Any CPU = Debug|Any CPU
		Release|Any CPU = Release|Any CPU
	EndGlobalSection
	GlobalSection(ProjectConfigurationPlatforms) = postSolution
		{F9B3BF97-96DF-46D7-84ED-D80F5DD3270F}.Debug|Any CPU.ActiveCfg = Debug|Any CPU
		{F9B3BF97-96DF-46D7-84ED-D80F5DD3270F}.Debug|Any CPU.Build.0 = Debug|Any CPU
		{F9B3BF97-96DF-46D7-84ED-D80F5DD3270F}.Release|Any CPU.ActiveCfg = Release|Any CPU
		{F9B3BF97-96DF-46D7-84ED-D80F5DD3270F}.Release|Any CPU.Build.0 = Release|Any CPU
	EndGlobalSection
	GlobalSection(SolutionProperties) = preSolution
		HideSolutionNode = FALSE
	EndGlobalSection
	GlobalSection(ExtensibilityGlobals) = postSolution
		SolutionGuid = {9E6AD67E-EE05-4902-AE20-64EFEFA15AC4}
	EndGlobalSection
EndGlobal
