
Microsoft Visual Studio Solution File, Format Version 12.00
# Visual Studio Version 17
VisualStudioVersion = 17.13.35931.197 d17.13
MinimumVisualStudioVersion = 10.0.40219.1
Project("{FAE04EC0-301F-11D3-BF4B-00C04F79EFBC}") = "17_Calendario", "17_Calendario.csproj", "{6B6D9A14-8EEF-4EFF-9504-DB8F52E8F1E7}"
EndProject
Global
	GlobalSection(SolutionConfigurationPlatforms) = preSolution
		Debug|Any CPU = Debug|Any CPU
		Release|Any CPU = Release|Any CPU
	EndGlobalSection
	GlobalSection(ProjectConfigurationPlatforms) = postSolution
		{6B6D9A14-8EEF-4EFF-9504-DB8F52E8F1E7}.Debug|Any CPU.ActiveCfg = Debug|Any CPU
		{6B6D9A14-8EEF-4EFF-9504-DB8F52E8F1E7}.Debug|Any CPU.Build.0 = Debug|Any CPU
		{6B6D9A14-8EEF-4EFF-9504-DB8F52E8F1E7}.Release|Any CPU.ActiveCfg = Release|Any CPU
		{6B6D9A14-8EEF-4EFF-9504-DB8F52E8F1E7}.Release|Any CPU.Build.0 = Release|Any CPU
	EndGlobalSection
	GlobalSection(SolutionProperties) = preSolution
		HideSolutionNode = FALSE
	EndGlobalSection
	GlobalSection(ExtensibilityGlobals) = postSolution
		SolutionGuid = {DE68EBBD-6FD9-4160-AA8D-2B1E7E346ECD}
	EndGlobalSection
EndGlobal
