
Microsoft Visual Studio Solution File, Format Version 12.00
# Visual Studio Version 17
VisualStudioVersion = 17.13.35931.197 d17.13
MinimumVisualStudioVersion = 10.0.40219.1
Project("{FAE04EC0-301F-11D3-BF4B-00C04F79EFBC}") = "09_Heranca", "09_Heranca.csproj", "{A87232B6-9E23-478E-813B-DCF6EDF39BAA}"
EndProject
Global
	GlobalSection(SolutionConfigurationPlatforms) = preSolution
		Debug|Any CPU = Debug|Any CPU
		Release|Any CPU = Release|Any CPU
	EndGlobalSection
	GlobalSection(ProjectConfigurationPlatforms) = postSolution
		{A87232B6-9E23-478E-813B-DCF6EDF39BAA}.Debug|Any CPU.ActiveCfg = Debug|Any CPU
		{A87232B6-9E23-478E-813B-DCF6EDF39BAA}.Debug|Any CPU.Build.0 = Debug|Any CPU
		{A87232B6-9E23-478E-813B-DCF6EDF39BAA}.Release|Any CPU.ActiveCfg = Release|Any CPU
		{A87232B6-9E23-478E-813B-DCF6EDF39BAA}.Release|Any CPU.Build.0 = Release|Any CPU
	EndGlobalSection
	GlobalSection(SolutionProperties) = preSolution
		HideSolutionNode = FALSE
	EndGlobalSection
	GlobalSection(ExtensibilityGlobals) = postSolution
		SolutionGuid = {2E07BE8C-55BE-41F0-B89F-6AF1DD48522B}
	EndGlobalSection
EndGlobal
