
Microsoft Visual Studio Solution File, Format Version 12.00
# Visual Studio Version 17
VisualStudioVersion = 17.13.35931.197 d17.13
MinimumVisualStudioVersion = 10.0.40219.1
Project("{FAE04EC0-301F-11D3-BF4B-00C04F79EFBC}") = "16_Enum", "16_Enum.csproj", "{AA9FFACA-5044-4A83-9FC5-B8894E9D7971}"
EndProject
Global
	GlobalSection(SolutionConfigurationPlatforms) = preSolution
		Debug|Any CPU = Debug|Any CPU
		Release|Any CPU = Release|Any CPU
	EndGlobalSection
	GlobalSection(ProjectConfigurationPlatforms) = postSolution
		{AA9FFACA-5044-4A83-9FC5-B8894E9D7971}.Debug|Any CPU.ActiveCfg = Debug|Any CPU
		{AA9FFACA-5044-4A83-9FC5-B8894E9D7971}.Debug|Any CPU.Build.0 = Debug|Any CPU
		{AA9FFACA-5044-4A83-9FC5-B8894E9D7971}.Release|Any CPU.ActiveCfg = Release|Any CPU
		{AA9FFACA-5044-4A83-9FC5-B8894E9D7971}.Release|Any CPU.Build.0 = Release|Any CPU
	EndGlobalSection
	GlobalSection(SolutionProperties) = preSolution
		HideSolutionNode = FALSE
	EndGlobalSection
	GlobalSection(ExtensibilityGlobals) = postSolution
		SolutionGuid = {E7B106A3-EDAB-4075-8F9E-3F8A478FBA5B}
	EndGlobalSection
EndGlobal
