
Microsoft Visual Studio Solution File, Format Version 12.00
# Visual Studio Version 17
VisualStudioVersion = 17.13.35931.197 d17.13
MinimumVisualStudioVersion = 10.0.40219.1
Project("{FAE04EC0-301F-11D3-BF4B-00C04F79EFBC}") = "24_CriandoExcecaoPersonalizada", "24_CriandoExcecaoPersonalizada.csproj", "{10236854-724D-4214-8425-4BDF8B65D59D}"
EndProject
Global
	GlobalSection(SolutionConfigurationPlatforms) = preSolution
		Debug|Any CPU = Debug|Any CPU
		Release|Any CPU = Release|Any CPU
	EndGlobalSection
	GlobalSection(ProjectConfigurationPlatforms) = postSolution
		{10236854-724D-4214-8425-4BDF8B65D59D}.Debug|Any CPU.ActiveCfg = Debug|Any CPU
		{10236854-724D-4214-8425-4BDF8B65D59D}.Debug|Any CPU.Build.0 = Debug|Any CPU
		{10236854-724D-4214-8425-4BDF8B65D59D}.Release|Any CPU.ActiveCfg = Release|Any CPU
		{10236854-724D-4214-8425-4BDF8B65D59D}.Release|Any CPU.Build.0 = Release|Any CPU
	EndGlobalSection
	GlobalSection(SolutionProperties) = preSolution
		HideSolutionNode = FALSE
	EndGlobalSection
	GlobalSection(ExtensibilityGlobals) = postSolution
		SolutionGuid = {CAB571F5-4EC5-4238-8CF3-0265F199CA29}
	EndGlobalSection
EndGlobal
